
Microsoft Visual Studio Solution File, Format Version 12.00
# Visual Studio Version 17
VisualStudioVersion = 17.0.31903.59
MinimumVisualStudioVersion = 10.0.40219.1
Project("{FAE04EC0-301F-11D3-BF4B-00C04F79EFBC}") = "TheCollector", "TheCollector\TheCollector.csproj", "{97A4EABC-9E33-4961-B8EB-0977999DB579}"
EndProject
Project("{FAE04EC0-301F-11D3-BF4B-00C04F79EFBC}") = "CryptoInterface", "CryptoInterface\CryptoInterface.csproj", "{7DE23F73-811F-485E-9F74-31F207CA2E89}"
EndProject
Project("{FAE04EC0-301F-11D3-BF4B-00C04F79EFBC}") = "Dependencies", "Dependencies\Dependencies.csproj", "{8B836263-B7A8-48C4-9FD7-8778AB0717CF}"
EndProject
Global
	GlobalSection(SolutionConfigurationPlatforms) = preSolution
		Debug|Any CPU = Debug|Any CPU
		Release|Any CPU = Release|Any CPU
	EndGlobalSection
	GlobalSection(SolutionProperties) = preSolution
		HideSolutionNode = FALSE
	EndGlobalSection
	GlobalSection(ProjectConfigurationPlatforms) = postSolution
		{97A4EABC-9E33-4961-B8EB-0977999DB579}.Debug|Any CPU.ActiveCfg = Debug|Any CPU
		{97A4EABC-9E33-4961-B8EB-0977999DB579}.Debug|Any CPU.Build.0 = Debug|Any CPU
		{97A4EABC-9E33-4961-B8EB-0977999DB579}.Release|Any CPU.ActiveCfg = Release|Any CPU
		{97A4EABC-9E33-4961-B8EB-0977999DB579}.Release|Any CPU.Build.0 = Release|Any CPU
		{7DE23F73-811F-485E-9F74-31F207CA2E89}.Debug|Any CPU.ActiveCfg = Debug|Any CPU
		{7DE23F73-811F-485E-9F74-31F207CA2E89}.Debug|Any CPU.Build.0 = Debug|Any CPU
		{7DE23F73-811F-485E-9F74-31F207CA2E89}.Release|Any CPU.ActiveCfg = Release|Any CPU
		{7DE23F73-811F-485E-9F74-31F207CA2E89}.Release|Any CPU.Build.0 = Release|Any CPU
		{8B836263-B7A8-48C4-9FD7-8778AB0717CF}.Debug|Any CPU.ActiveCfg = Debug|Any CPU
		{8B836263-B7A8-48C4-9FD7-8778AB0717CF}.Debug|Any CPU.Build.0 = Debug|Any CPU
		{8B836263-B7A8-48C4-9FD7-8778AB0717CF}.Release|Any CPU.ActiveCfg = Release|Any CPU
		{8B836263-B7A8-48C4-9FD7-8778AB0717CF}.Release|Any CPU.Build.0 = Release|Any CPU
	EndGlobalSection
EndGlobal
